
Microsoft Visual Studio Solution File, Format Version 12.00
# Visual Studio Express 15 for Windows Desktop
VisualStudioVersion = 15.0.28307.1000
MinimumVisualStudioVersion = 10.0.40219.1
Project("{FAE04EC0-301F-11D3-BF4B-00C04F79EFBC}") = "Euler_1", "Euler_1\Euler_1.csproj", "{2A99A974-2A2F-470E-8A7B-8D350132F448}"
EndProject
Global
	GlobalSection(SolutionConfigurationPlatforms) = preSolution
		Debug|Any CPU = Debug|Any CPU
		Release|Any CPU = Release|Any CPU
	EndGlobalSection
	GlobalSection(ProjectConfigurationPlatforms) = postSolution
		{2A99A974-2A2F-470E-8A7B-8D350132F448}.Debug|Any CPU.ActiveCfg = Debug|Any CPU
		{2A99A974-2A2F-470E-8A7B-8D350132F448}.Debug|Any CPU.Build.0 = Debug|Any CPU
		{2A99A974-2A2F-470E-8A7B-8D350132F448}.Release|Any CPU.ActiveCfg = Release|Any CPU
		{2A99A974-2A2F-470E-8A7B-8D350132F448}.Release|Any CPU.Build.0 = Release|Any CPU
	EndGlobalSection
	GlobalSection(SolutionProperties) = preSolution
		HideSolutionNode = FALSE
	EndGlobalSection
	GlobalSection(ExtensibilityGlobals) = postSolution
		SolutionGuid = {60801FB6-3B70-4A00-9757-CABF16EADEFD}
	EndGlobalSection
EndGlobal
